
Microsoft Visual Studio Solution File, Format Version 12.00
# Visual Studio Version 16
VisualStudioVersion = 16.0.32802.440
MinimumVisualStudioVersion = 10.0.40219.1
Project("{888888A0-9F3D-457C-B088-3A5042F75D52}") = "MusicNotes", "MusicNotes.pyproj", "{7A650DBB-FF01-448B-B309-A72777C33B67}"
EndProject
Global
	GlobalSection(SolutionConfigurationPlatforms) = preSolution
		Debug|Any CPU = Debug|Any CPU
		Release|Any CPU = Release|Any CPU
	EndGlobalSection
	GlobalSection(ProjectConfigurationPlatforms) = postSolution
		{7A650DBB-FF01-448B-B309-A72777C33B67}.Debug|Any CPU.ActiveCfg = Debug|Any CPU
		{7A650DBB-FF01-448B-B309-A72777C33B67}.Release|Any CPU.ActiveCfg = Release|Any CPU
	EndGlobalSection
	GlobalSection(SolutionProperties) = preSolution
		HideSolutionNode = FALSE
	EndGlobalSection
	GlobalSection(ExtensibilityGlobals) = postSolution
		SolutionGuid = {23425335-D728-407E-8EE2-4F105757355B}
	EndGlobalSection
EndGlobal
